{
	"name": "@ion/core",
	"version": "0.0.1",
	"lockfileVersion": 3,
	"requires": true,
	"packages": {
		"": {
			"name": "@ion/core",
			"version": "0.0.1",
			"license": "MIT",
			"dependencies": {
				"@ion/utils": "file:../utils",
				"reflect-metadata": "^0.2.2"
			},
			"devDependencies": {
				"@tsconfig/strictest": "^2.0.8",
				"@types/node": "^25.3.3",
				"typescript": "^5.9.3"
			}
		},
		"../utils": {
			"name": "@ion/utils",
			"version": "0.0.1",
			"license": "MIT",
			"dependencies": {
				"@ion/core": "file:../core",
				"@ion/utils": "file:../utils",
				"reflect-metadata": "^0.2.2"
			},
			"devDependencies": {
				"@tsconfig/strictest": "^2.0.8",
				"@types/node": "^25.3.3",
				"typescript": "^5.9.3"
			}
		},
		"node_modules/@ion/utils": {
			"resolved": "../utils",
			"link": true
		},
		"node_modules/@tsconfig/strictest": {
			"version": "2.0.8",
			"dev": true,
			"license": "MIT"
		},
		"node_modules/@types/node": {
			"version": "25.3.5",
			"dev": true,
			"license": "MIT",
			"dependencies": {
				"undici-types": "~7.18.0"
			}
		},
		"node_modules/reflect-metadata": {
			"version": "0.2.2",
			"license": "Apache-2.0"
		},
		"node_modules/typescript": {
			"version": "5.9.3",
			"dev": true,
			"license": "Apache-2.0",
			"bin": {
				"tsc": "bin/tsc",
				"tsserver": "bin/tsserver"
			},
			"engines": {
				"node": ">=14.17"
			}
		},
		"node_modules/undici-types": {
			"version": "7.18.2",
			"dev": true,
			"license": "MIT"
		}
	}
}
