{
	"name": "test-app",
	"version": "0.0.1",
	"lockfileVersion": 3,
	"requires": true,
	"packages": {
		"": {
			"name": "test-app",
			"version": "0.0.1",
			"license": "MIT",
			"dependencies": {
				"@ion/core": "file:../core",
				"@ion/db": "file:../db",
				"@ion/http": "file:../http",
				"@ion/jsx": "file:../jsx",
				"@ion/pg-db": "file:../pg-db",
				"@ion/utils": "file:../utils",
				"@ion/ws": "file:../ws",
				"bcrypt": "^6.0.0"
			},
			"devDependencies": {
				"@tsconfig/strictest": "^2.0.8",
				"@types/bcrypt": "^6.0.0",
				"@types/node": "^25.5.0",
				"typescript": "^5.9.3"
			}
		},
		"../core": {
			"name": "@ion/core",
			"version": "0.0.1",
			"license": "MIT",
			"dependencies": {
				"@ion/utils": "file:../utils",
				"reflect-metadata": "^0.2.2"
			},
			"devDependencies": {
				"@tsconfig/strictest": "^2.0.8",
				"@types/node": "^25.3.3",
				"typescript": "^5.9.3"
			}
		},
		"../db": {
			"name": "@ion/db",
			"version": "0.0.1",
			"license": "MIT",
			"dependencies": {
				"@ion/core": "file:../core",
				"@ion/utils": "file:../utils",
				"reflect-metadata": "^0.2.2"
			},
			"devDependencies": {
				"@tsconfig/strictest": "^2.0.8",
				"@types/node": "^25.3.3",
				"typescript": "^5.9.3"
			}
		},
		"../http": {
			"name": "@ion/http",
			"version": "0.0.1",
			"license": "MIT",
			"dependencies": {
				"@ion/core": "file:../core",
				"@ion/utils": "file:../utils",
				"reflect-metadata": "^0.2.2"
			},
			"devDependencies": {
				"@tsconfig/strictest": "^2.0.8",
				"@types/node": "^25.3.3",
				"typescript": "^5.9.3"
			}
		},
		"../jsx": {
			"name": "@ion/jsx",
			"version": "0.0.1",
			"license": "MIT",
			"dependencies": {
				"@ion/core": "file:../core",
				"@ion/http": "file:../http",
				"@ion/utils": "file:../utils",
				"reflect-metadata": "^0.2.2"
			},
			"devDependencies": {
				"@tsconfig/strictest": "^2.0.8",
				"@types/node": "^25.3.3",
				"typescript": "^5.9.3"
			}
		},
		"../pg-db": {
			"name": "@ion/pg-db",
			"version": "0.0.1",
			"license": "MIT",
			"dependencies": {
				"@ion/core": "file:../core",
				"@ion/db": "file:../db",
				"@ion/utils": "file:../utils",
				"pg": "^8.20.0",
				"reflect-metadata": "^0.2.2"
			},
			"devDependencies": {
				"@tsconfig/strictest": "^2.0.8",
				"@types/node": "^25.3.3",
				"@types/pg": "^8.18.0",
				"typescript": "^5.9.3"
			}
		},
		"../utils": {
			"name": "@ion/utils",
			"version": "0.0.1",
			"license": "MIT",
			"dependencies": {
				"@ion/core": "file:../core",
				"@ion/utils": "file:../utils",
				"reflect-metadata": "^0.2.2"
			},
			"devDependencies": {
				"@tsconfig/strictest": "^2.0.8",
				"@types/node": "^25.3.3",
				"typescript": "^5.9.3"
			}
		},
		"../ws": {
			"name": "@ion/ws",
			"version": "0.0.1",
			"license": "MIT",
			"dependencies": {
				"@ion/core": "file:../core",
				"@ion/http": "file:../http",
				"@ion/utils": "file:../utils",
				"reflect-metadata": "^0.2.2"
			},
			"devDependencies": {
				"@tsconfig/strictest": "^2.0.8",
				"@types/node": "^25.3.3",
				"typescript": "^5.9.3"
			}
		},
		"node_modules/@ion/core": {
			"resolved": "../core",
			"link": true
		},
		"node_modules/@ion/db": {
			"resolved": "../db",
			"link": true
		},
		"node_modules/@ion/http": {
			"resolved": "../http",
			"link": true
		},
		"node_modules/@ion/jsx": {
			"resolved": "../jsx",
			"link": true
		},
		"node_modules/@ion/pg-db": {
			"resolved": "../pg-db",
			"link": true
		},
		"node_modules/@ion/utils": {
			"resolved": "../utils",
			"link": true
		},
		"node_modules/@ion/ws": {
			"resolved": "../ws",
			"link": true
		},
		"node_modules/@tsconfig/strictest": {
			"version": "2.0.8",
			"resolved": "https://registry.npmjs.org/@tsconfig/strictest/-/strictest-2.0.8.tgz",
			"integrity": "sha512-XnQ7vNz5HRN0r88GYf1J9JJjqtZPiHt2woGJOo2dYqyHGGcd6OLGqSlBB6p1j9mpzja6Oe5BoPqWmeDx6X9rLw==",
			"dev": true,
			"license": "MIT"
		},
		"node_modules/@types/bcrypt": {
			"version": "6.0.0",
			"resolved": "https://registry.npmjs.org/@types/bcrypt/-/bcrypt-6.0.0.tgz",
			"integrity": "sha512-/oJGukuH3D2+D+3H4JWLaAsJ/ji86dhRidzZ/Od7H/i8g+aCmvkeCc6Ni/f9uxGLSQVCRZkX2/lqEFG2BvWtlQ==",
			"dev": true,
			"license": "MIT",
			"dependencies": {
				"@types/node": "*"
			}
		},
		"node_modules/@types/node": {
			"version": "25.5.0",
			"resolved": "https://registry.npmjs.org/@types/node/-/node-25.5.0.tgz",
			"integrity": "sha512-jp2P3tQMSxWugkCUKLRPVUpGaL5MVFwF8RDuSRztfwgN1wmqJeMSbKlnEtQqU8UrhTmzEmZdu2I6v2dpp7XIxw==",
			"dev": true,
			"license": "MIT",
			"dependencies": {
				"undici-types": "~7.18.0"
			}
		},
		"node_modules/bcrypt": {
			"version": "6.0.0",
			"resolved": "https://registry.npmjs.org/bcrypt/-/bcrypt-6.0.0.tgz",
			"integrity": "sha512-cU8v/EGSrnH+HnxV2z0J7/blxH8gq7Xh2JFT6Aroax7UohdmiJJlxApMxtKfuI7z68NvvVcmR78k2LbT6efhRg==",
			"hasInstallScript": true,
			"license": "MIT",
			"dependencies": {
				"node-addon-api": "^8.3.0",
				"node-gyp-build": "^4.8.4"
			},
			"engines": {
				"node": ">= 18"
			}
		},
		"node_modules/node-addon-api": {
			"version": "8.6.0",
			"resolved": "https://registry.npmjs.org/node-addon-api/-/node-addon-api-8.6.0.tgz",
			"integrity": "sha512-gBVjCaqDlRUk0EwoPNKzIr9KkS9041G/q31IBShPs1Xz6UTA+EXdZADbzqAJQrpDRq71CIMnOP5VMut3SL0z5Q==",
			"license": "MIT",
			"engines": {
				"node": "^18 || ^20 || >= 21"
			}
		},
		"node_modules/node-gyp-build": {
			"version": "4.8.4",
			"resolved": "https://registry.npmjs.org/node-gyp-build/-/node-gyp-build-4.8.4.tgz",
			"integrity": "sha512-LA4ZjwlnUblHVgq0oBF3Jl/6h/Nvs5fzBLwdEF4nuxnFdsfajde4WfxtJr3CaiH+F6ewcIB/q4jQ4UzPyid+CQ==",
			"license": "MIT",
			"bin": {
				"node-gyp-build": "bin.js",
				"node-gyp-build-optional": "optional.js",
				"node-gyp-build-test": "build-test.js"
			}
		},
		"node_modules/typescript": {
			"version": "5.9.3",
			"resolved": "https://registry.npmjs.org/typescript/-/typescript-5.9.3.tgz",
			"integrity": "sha512-jl1vZzPDinLr9eUt3J/t7V6FgNEw9QjvBPdysz9KfQDD41fQrC2Y4vKQdiaUpFT4bXlb1RHhLpp8wtm6M5TgSw==",
			"dev": true,
			"license": "Apache-2.0",
			"bin": {
				"tsc": "bin/tsc",
				"tsserver": "bin/tsserver"
			},
			"engines": {
				"node": ">=14.17"
			}
		},
		"node_modules/undici-types": {
			"version": "7.18.2",
			"resolved": "https://registry.npmjs.org/undici-types/-/undici-types-7.18.2.tgz",
			"integrity": "sha512-AsuCzffGHJybSaRrmr5eHr81mwJU3kjw6M+uprWvCXiNeN9SOGwQ3Jn8jb8m3Z6izVgknn1R0FTCEAP2QrLY/w==",
			"dev": true,
			"license": "MIT"
		}
	}
}
